
Microsoft Visual Studio Solution File, Format Version 12.00
Project("{2150E333-8FDC-42A3-9474-1A3956D46DE8}") = "BuildingBlocks", "BuildingBlocks", "{D566D1ED-EA43-4796-90C0-D11C9458CF88}"
EndProject
Project("{2150E333-8FDC-42A3-9474-1A3956D46DE8}") = "Messaging", "Messaging", "{0F7661BB-9317-4DAB-8D8D-7CB3F74D494D}"
EndProject
Project("{2150E333-8FDC-42A3-9474-1A3956D46DE8}") = "Kafka", "Kafka", "{1A8969B4-0AF7-4593-ADED-14A84DA5F847}"
EndProject
Project("{2150E333-8FDC-42A3-9474-1A3956D46DE8}") = "OrderService", "OrderService", "{9467DD87-D489-44CA-8809-DB0CF6F2E16B}"
EndProject
Project("{FAE04EC0-301F-11D3-BF4B-00C04F79EFBC}") = "OrderService.Contracts", "OrderService.Contracts\OrderService.Contracts.csproj", "{7E5C8A51-1956-42B1-B4E3-B1D35EA7B063}"
EndProject
Project("{FAE04EC0-301F-11D3-BF4B-00C04F79EFBC}") = "OrderService.Producer", "OrderService.Producer\OrderService.Producer.csproj", "{037A97C5-A438-4408-9386-F369931798E7}"
EndProject
Project("{FAE04EC0-301F-11D3-BF4B-00C04F79EFBC}") = "Messaging.Kafka", "Messaging.Kafka\Messaging.Kafka.csproj", "{35DE6E7B-581B-4A2F-87F6-622F4F6F8508}"
EndProject
Project("{2150E333-8FDC-42A3-9474-1A3956D46DE8}") = "Abstractions", "Abstractions", "{3B146E5B-992A-4B3D-A641-E9BE8C5F35BB}"
EndProject
Project("{FAE04EC0-301F-11D3-BF4B-00C04F79EFBC}") = "Messaging.Abstractions", "Messaging.Abstractions\Messaging.Abstractions.csproj", "{A758B6A8-7C73-481E-AA10-CF5D914A1573}"
EndProject
Project("{FAE04EC0-301F-11D3-BF4B-00C04F79EFBC}") = "OrderService.Consumer", "OrderService.Consumer\OrderService.Consumer.csproj", "{E64FF904-A825-46F2-B82E-22B6E669062B}"
EndProject
Global
	GlobalSection(SolutionConfigurationPlatforms) = preSolution
		Debug|Any CPU = Debug|Any CPU
		Release|Any CPU = Release|Any CPU
	EndGlobalSection
	GlobalSection(NestedProjects) = preSolution
		{0F7661BB-9317-4DAB-8D8D-7CB3F74D494D} = {D566D1ED-EA43-4796-90C0-D11C9458CF88}
		{1A8969B4-0AF7-4593-ADED-14A84DA5F847} = {0F7661BB-9317-4DAB-8D8D-7CB3F74D494D}
		{7E5C8A51-1956-42B1-B4E3-B1D35EA7B063} = {9467DD87-D489-44CA-8809-DB0CF6F2E16B}
		{037A97C5-A438-4408-9386-F369931798E7} = {9467DD87-D489-44CA-8809-DB0CF6F2E16B}
		{35DE6E7B-581B-4A2F-87F6-622F4F6F8508} = {1A8969B4-0AF7-4593-ADED-14A84DA5F847}
		{3B146E5B-992A-4B3D-A641-E9BE8C5F35BB} = {0F7661BB-9317-4DAB-8D8D-7CB3F74D494D}
		{A758B6A8-7C73-481E-AA10-CF5D914A1573} = {3B146E5B-992A-4B3D-A641-E9BE8C5F35BB}
		{E64FF904-A825-46F2-B82E-22B6E669062B} = {9467DD87-D489-44CA-8809-DB0CF6F2E16B}
	EndGlobalSection
	GlobalSection(ProjectConfigurationPlatforms) = postSolution
		{7E5C8A51-1956-42B1-B4E3-B1D35EA7B063}.Debug|Any CPU.ActiveCfg = Debug|Any CPU
		{7E5C8A51-1956-42B1-B4E3-B1D35EA7B063}.Debug|Any CPU.Build.0 = Debug|Any CPU
		{7E5C8A51-1956-42B1-B4E3-B1D35EA7B063}.Release|Any CPU.ActiveCfg = Release|Any CPU
		{7E5C8A51-1956-42B1-B4E3-B1D35EA7B063}.Release|Any CPU.Build.0 = Release|Any CPU
		{037A97C5-A438-4408-9386-F369931798E7}.Debug|Any CPU.ActiveCfg = Debug|Any CPU
		{037A97C5-A438-4408-9386-F369931798E7}.Debug|Any CPU.Build.0 = Debug|Any CPU
		{037A97C5-A438-4408-9386-F369931798E7}.Release|Any CPU.ActiveCfg = Release|Any CPU
		{037A97C5-A438-4408-9386-F369931798E7}.Release|Any CPU.Build.0 = Release|Any CPU
		{35DE6E7B-581B-4A2F-87F6-622F4F6F8508}.Debug|Any CPU.ActiveCfg = Debug|Any CPU
		{35DE6E7B-581B-4A2F-87F6-622F4F6F8508}.Debug|Any CPU.Build.0 = Debug|Any CPU
		{35DE6E7B-581B-4A2F-87F6-622F4F6F8508}.Release|Any CPU.ActiveCfg = Release|Any CPU
		{35DE6E7B-581B-4A2F-87F6-622F4F6F8508}.Release|Any CPU.Build.0 = Release|Any CPU
		{A758B6A8-7C73-481E-AA10-CF5D914A1573}.Debug|Any CPU.ActiveCfg = Debug|Any CPU
		{A758B6A8-7C73-481E-AA10-CF5D914A1573}.Debug|Any CPU.Build.0 = Debug|Any CPU
		{A758B6A8-7C73-481E-AA10-CF5D914A1573}.Release|Any CPU.ActiveCfg = Release|Any CPU
		{A758B6A8-7C73-481E-AA10-CF5D914A1573}.Release|Any CPU.Build.0 = Release|Any CPU
		{E64FF904-A825-46F2-B82E-22B6E669062B}.Debug|Any CPU.ActiveCfg = Debug|Any CPU
		{E64FF904-A825-46F2-B82E-22B6E669062B}.Debug|Any CPU.Build.0 = Debug|Any CPU
		{E64FF904-A825-46F2-B82E-22B6E669062B}.Release|Any CPU.ActiveCfg = Release|Any CPU
		{E64FF904-A825-46F2-B82E-22B6E669062B}.Release|Any CPU.Build.0 = Release|Any CPU
	EndGlobalSection
EndGlobal
