
Microsoft Visual Studio Solution File, Format Version 12.00
Project("{2150E333-8FDC-42A3-9474-1A3956D46DE8}") = "BuildingBlocks", "BuildingBlocks", "{D566D1ED-EA43-4796-90C0-D11C9458CF88}"
EndProject
Project("{2150E333-8FDC-42A3-9474-1A3956D46DE8}") = "Messaging", "Messaging", "{0F7661BB-9317-4DAB-8D8D-7CB3F74D494D}"
EndProject
Project("{2150E333-8FDC-42A3-9474-1A3956D46DE8}") = "OrderService", "OrderService", "{9467DD87-D489-44CA-8809-DB0CF6F2E16B}"
EndProject
Project("{FAE04EC0-301F-11D3-BF4B-00C04F79EFBC}") = "OrderService.Contracts", "OrderService.Contracts\OrderService.Contracts.csproj", "{7E5C8A51-1956-42B1-B4E3-B1D35EA7B063}"
EndProject
Project("{FAE04EC0-301F-11D3-BF4B-00C04F79EFBC}") = "Messaging.Kafka", "Messaging.Kafka\Messaging.Kafka.csproj", "{35DE6E7B-581B-4A2F-87F6-622F4F6F8508}"
EndProject
Project("{FAE04EC0-301F-11D3-BF4B-00C04F79EFBC}") = "Messaging.Abstractions", "Messaging.Abstractions\Messaging.Abstractions.csproj", "{A758B6A8-7C73-481E-AA10-CF5D914A1573}"
EndProject
Project("{FAE04EC0-301F-11D3-BF4B-00C04F79EFBC}") = "OrderService.Service", "OrderService.Service\OrderService.Service.csproj", "{33368CEF-9C0A-49B9-B7F2-4C36E58E134E}"
EndProject
Project("{FAE04EC0-301F-11D3-BF4B-00C04F79EFBC}") = "OrderService.Worker", "OrderService.Worker\OrderService.Worker.csproj", "{22EA03F6-B3AC-4119-B282-22160A8B10D4}"
EndProject
Project("{FAE04EC0-301F-11D3-BF4B-00C04F79EFBC}") = "Messaging.Runtime.Hosting", "Messaging.Runtime.Hosting\Messaging.Runtime.Hosting.csproj", "{929B1EB6-29B8-4FE5-95C4-8BB39026DECA}"
EndProject
Global
	GlobalSection(SolutionConfigurationPlatforms) = preSolution
		Debug|Any CPU = Debug|Any CPU
		Release|Any CPU = Release|Any CPU
	EndGlobalSection
	GlobalSection(NestedProjects) = preSolution
		{0F7661BB-9317-4DAB-8D8D-7CB3F74D494D} = {D566D1ED-EA43-4796-90C0-D11C9458CF88}
		{7E5C8A51-1956-42B1-B4E3-B1D35EA7B063} = {9467DD87-D489-44CA-8809-DB0CF6F2E16B}
		{33368CEF-9C0A-49B9-B7F2-4C36E58E134E} = {9467DD87-D489-44CA-8809-DB0CF6F2E16B}
		{22EA03F6-B3AC-4119-B282-22160A8B10D4} = {9467DD87-D489-44CA-8809-DB0CF6F2E16B}
		{A758B6A8-7C73-481E-AA10-CF5D914A1573} = {0F7661BB-9317-4DAB-8D8D-7CB3F74D494D}
		{35DE6E7B-581B-4A2F-87F6-622F4F6F8508} = {0F7661BB-9317-4DAB-8D8D-7CB3F74D494D}
		{929B1EB6-29B8-4FE5-95C4-8BB39026DECA} = {0F7661BB-9317-4DAB-8D8D-7CB3F74D494D}
	EndGlobalSection
	GlobalSection(ProjectConfigurationPlatforms) = postSolution
		{7E5C8A51-1956-42B1-B4E3-B1D35EA7B063}.Debug|Any CPU.ActiveCfg = Debug|Any CPU
		{7E5C8A51-1956-42B1-B4E3-B1D35EA7B063}.Debug|Any CPU.Build.0 = Debug|Any CPU
		{7E5C8A51-1956-42B1-B4E3-B1D35EA7B063}.Release|Any CPU.ActiveCfg = Release|Any CPU
		{7E5C8A51-1956-42B1-B4E3-B1D35EA7B063}.Release|Any CPU.Build.0 = Release|Any CPU
		{35DE6E7B-581B-4A2F-87F6-622F4F6F8508}.Debug|Any CPU.ActiveCfg = Debug|Any CPU
		{35DE6E7B-581B-4A2F-87F6-622F4F6F8508}.Debug|Any CPU.Build.0 = Debug|Any CPU
		{35DE6E7B-581B-4A2F-87F6-622F4F6F8508}.Release|Any CPU.ActiveCfg = Release|Any CPU
		{35DE6E7B-581B-4A2F-87F6-622F4F6F8508}.Release|Any CPU.Build.0 = Release|Any CPU
		{A758B6A8-7C73-481E-AA10-CF5D914A1573}.Debug|Any CPU.ActiveCfg = Debug|Any CPU
		{A758B6A8-7C73-481E-AA10-CF5D914A1573}.Debug|Any CPU.Build.0 = Debug|Any CPU
		{A758B6A8-7C73-481E-AA10-CF5D914A1573}.Release|Any CPU.ActiveCfg = Release|Any CPU
		{A758B6A8-7C73-481E-AA10-CF5D914A1573}.Release|Any CPU.Build.0 = Release|Any CPU
		{33368CEF-9C0A-49B9-B7F2-4C36E58E134E}.Debug|Any CPU.ActiveCfg = Debug|Any CPU
		{33368CEF-9C0A-49B9-B7F2-4C36E58E134E}.Debug|Any CPU.Build.0 = Debug|Any CPU
		{33368CEF-9C0A-49B9-B7F2-4C36E58E134E}.Release|Any CPU.ActiveCfg = Release|Any CPU
		{33368CEF-9C0A-49B9-B7F2-4C36E58E134E}.Release|Any CPU.Build.0 = Release|Any CPU
		{22EA03F6-B3AC-4119-B282-22160A8B10D4}.Debug|Any CPU.ActiveCfg = Debug|Any CPU
		{22EA03F6-B3AC-4119-B282-22160A8B10D4}.Debug|Any CPU.Build.0 = Debug|Any CPU
		{22EA03F6-B3AC-4119-B282-22160A8B10D4}.Release|Any CPU.ActiveCfg = Release|Any CPU
		{22EA03F6-B3AC-4119-B282-22160A8B10D4}.Release|Any CPU.Build.0 = Release|Any CPU
		{929B1EB6-29B8-4FE5-95C4-8BB39026DECA}.Debug|Any CPU.ActiveCfg = Debug|Any CPU
		{929B1EB6-29B8-4FE5-95C4-8BB39026DECA}.Debug|Any CPU.Build.0 = Debug|Any CPU
		{929B1EB6-29B8-4FE5-95C4-8BB39026DECA}.Release|Any CPU.ActiveCfg = Release|Any CPU
		{929B1EB6-29B8-4FE5-95C4-8BB39026DECA}.Release|Any CPU.Build.0 = Release|Any CPU
	EndGlobalSection
EndGlobal
